PODS:
  - IQKeyboardManagerSwift (6.5.6)
  - Realm (5.4.4):
    - Realm/Headers (= 5.4.4)
  - Realm/Headers (5.4.4)
  - RealmSwift (5.4.4):
    - Realm (= 5.4.4)

DEPENDENCIES:
  - IQKeyboardManagerSwift
  - RealmSwift

SPEC REPOS:
  trunk:
    - IQKeyboardManagerSwift
    - Realm
    - RealmSwift

SPEC CHECKSUMS:
  IQKeyboardManagerSwift: c7df9d2deb356c04522f5c4b7b6e4ce4d8ed94fe
  Realm: b845bf406e03b9c52a53e0de2394480288aa532a
  RealmSwift: b524ff07e4e92a34f4aecbe6ed1a613979a08bb9

PODFILE CHECKSUM: 52fe359facc30fd9f10b177cde63c8f7b57d87a0

COCOAPODS: 1.9.3
