// !$*UTF8*$!
{
	archiveVersion = 1;
	classes = {
	};
	objectVersion = 51;
	objects = {

/* Begin PBXBuildFile section */
		0319928E252CCD46005101BB /* AppDelegate.swift in Sources */ = {isa = PBXBuildFile; fileRef = 0319928D252CCD46005101BB /* AppDelegate.swift */; };
		03199290252CCD47005101BB /* SceneDelegate.swift in Sources */ = {isa = PBXBuildFile; fileRef = 0319928F252CCD47005101BB /* SceneDelegate.swift */; };
		03199292252CCD47005101BB /* EmployeeDetailViewController.swift in Sources */ = {isa = PBXBuildFile; fileRef = 03199291252CCD47005101BB /* EmployeeDetailViewController.swift */; };
		03199295252CCD47005101BB /* Main.storyboard in Resources */ = {isa = PBXBuildFile; fileRef = 03199293252CCD47005101BB /* Main.storyboard */; };
		03199297252CCD4E005101BB /* Assets.xcassets in Resources */ = {isa = PBXBuildFile; fileRef = 03199296252CCD4E005101BB /* Assets.xcassets */; };
		0319929A252CCD4E005101BB /* LaunchScreen.storyboard in Resources */ = {isa = PBXBuildFile; fileRef = 03199298252CCD4E005101BB /* LaunchScreen.storyboard */; };
		031992A6252CCE27005101BB /* AddEmplyeeDetailsViewController.swift in Sources */ = {isa = PBXBuildFile; fileRef = 031992A5252CCE27005101BB /* AddEmplyeeDetailsViewController.swift */; };
		031992A8252CD670005101BB /* Employee.swift in Sources */ = {isa = PBXBuildFile; fileRef = 031992A7252CD670005101BB /* Employee.swift */; };
		03E5C576252D768200DFAA63 /* EmployeeDetailsTableViewCell.swift in Sources */ = {isa = PBXBuildFile; fileRef = 03E5C574252D768200DFAA63 /* EmployeeDetailsTableViewCell.swift */; };
		03E5C577252D768200DFAA63 /* EmployeeDetailsTableViewCell.xib in Resources */ = {isa = PBXBuildFile; fileRef = 03E5C575252D768200DFAA63 /* EmployeeDetailsTableViewCell.xib */; };
		03E5C57A252D9F3A00DFAA63 /* UIView+Extension.swift in Sources */ = {isa = PBXBuildFile; fileRef = 03E5C579252D9F3A00DFAA63 /* UIView+Extension.swift */; };
		03E5C57C252DA5F000DFAA63 /* RealmViewModel.swift in Sources */ = {isa = PBXBuildFile; fileRef = 03E5C57B252DA5F000DFAA63 /* RealmViewModel.swift */; };
		03E5C57E252DAC3D00DFAA63 /* UIViewController+Extension.swift in Sources */ = {isa = PBXBuildFile; fileRef = 03E5C57D252DAC3D00DFAA63 /* UIViewController+Extension.swift */; };
		B2C2BD996C8ABE78C6A44117 /* Pods_RealmSwift_with_MVVM.framework in Frameworks */ = {isa = PBXBuildFile; fileRef = 75403CAEA30124D1C618561A /* Pods_RealmSwift_with_MVVM.framework */; };
/* End PBXBuildFile section */

/* Begin PBXFileReference section */
		0319928A252CCD46005101BB /* RealmSwift with MVVM.app */ = {isa = PBXFileReference; explicitFileType = wrapper.application; includeInIndex = 0; path = "RealmSwift with MVVM.app"; sourceTree = BUILT_PRODUCTS_DIR; };
		0319928D252CCD46005101BB /* AppDelegate.swift */ = {isa = PBXFileReference; lastKnownFileType = sourcecode.swift; path = AppDelegate.swift; sourceTree = "<group>"; };
		0319928F252CCD47005101BB /* SceneDelegate.swift */ = {isa = PBXFileReference; lastKnownFileType = sourcecode.swift; path = SceneDelegate.swift; sourceTree = "<group>"; };
		03199291252CCD47005101BB /* EmployeeDetailViewController.swift */ = {isa = PBXFileReference; lastKnownFileType = sourcecode.swift; path = EmployeeDetailViewController.swift; sourceTree = "<group>"; };
		03199294252CCD47005101BB /* Base */ = {isa = PBXFileReference; lastKnownFileType = file.storyboard; name = Base; path = Base.lproj/Main.storyboard; sourceTree = "<group>"; };
		03199296252CCD4E005101BB /* Assets.xcassets */ = {isa = PBXFileReference; lastKnownFileType = folder.assetcatalog; path = Assets.xcassets; sourceTree = "<group>"; };
		03199299252CCD4E005101BB /* Base */ = {isa = PBXFileReference; lastKnownFileType = file.storyboard; name = Base; path = Base.lproj/LaunchScreen.storyboard; sourceTree = "<group>"; };
		0319929B252CCD4E005101BB /* Info.plist */ = {isa = PBXFileReference; lastKnownFileType = text.plist.xml; path = Info.plist; sourceTree = "<group>"; };
		031992A5252CCE27005101BB /* AddEmplyeeDetailsViewController.swift */ = {isa = PBXFileReference; lastKnownFileType = sourcecode.swift; path = AddEmplyeeDetailsViewController.swift; sourceTree = "<group>"; };
		031992A7252CD670005101BB /* Employee.swift */ = {isa = PBXFileReference; lastKnownFileType = sourcecode.swift; path = Employee.swift; sourceTree = "<group>"; };
		03E5C574252D768200DFAA63 /* EmployeeDetailsTableViewCell.swift */ = {isa = PBXFileReference; lastKnownFileType = sourcecode.swift; path = EmployeeDetailsTableViewCell.swift; sourceTree = "<group>"; };
		03E5C575252D768200DFAA63 /* EmployeeDetailsTableViewCell.xib */ = {isa = PBXFileReference; lastKnownFileType = file.xib; path = EmployeeDetailsTableViewCell.xib; sourceTree = "<group>"; };
		03E5C579252D9F3A00DFAA63 /* UIView+Extension.swift */ = {isa = PBXFileReference; lastKnownFileType = sourcecode.swift; path = "UIView+Extension.swift"; sourceTree = "<group>"; };
		03E5C57B252DA5F000DFAA63 /* RealmViewModel.swift */ = {isa = PBXFileReference; lastKnownFileType = sourcecode.swift; path = RealmViewModel.swift; sourceTree = "<group>"; };
		03E5C57D252DAC3D00DFAA63 /* UIViewController+Extension.swift */ = {isa = PBXFileReference; lastKnownFileType = sourcecode.swift; path = "UIViewController+Extension.swift"; sourceTree = "<group>"; };
		59C60E052A4EFD96662F0F72 /* Pods-RealmSwift with MVVM.release.xcconfig */ = {isa = PBXFileReference; includeInIndex = 1; lastKnownFileType = text.xcconfig; name = "Pods-RealmSwift with MVVM.release.xcconfig"; path = "Target Support Files/Pods-RealmSwift with MVVM/Pods-RealmSwift with MVVM.release.xcconfig"; sourceTree = "<group>"; };
		75403CAEA30124D1C618561A /* Pods_RealmSwift_with_MVVM.framework */ = {isa = PBXFileReference; explicitFileType = wrapper.framework; includeInIndex = 0; path = Pods_RealmSwift_with_MVVM.framework; sourceTree = BUILT_PRODUCTS_DIR; };
		8866EDFE9184C2B03926AE3C /* Pods-RealmSwift with MVVM.debug.xcconfig */ = {isa = PBXFileReference; includeInIndex = 1; lastKnownFileType = text.xcconfig; name = "Pods-RealmSwift with MVVM.debug.xcconfig"; path = "Target Support Files/Pods-RealmSwift with MVVM/Pods-RealmSwift with MVVM.debug.xcconfig"; sourceTree = "<group>"; };
/* End PBXFileReference section */

/* Begin PBXFrameworksBuildPhase section */
		03199287252CCD46005101BB /* Frameworks */ = {
			isa = PBXFrameworksBuildPhase;
			buildActionMask = 2147483647;
			files = (
				B2C2BD996C8ABE78C6A44117 /* Pods_RealmSwift_with_MVVM.framework in Frameworks */,
			);
			runOnlyForDeploymentPostprocessing = 0;
		};
/* End PBXFrameworksBuildPhase section */

/* Begin PBXGroup section */
		03199281252CCD46005101BB = {
			isa = PBXGroup;
			children = (
				0319928C252CCD46005101BB /* RealmSwift with MVVM */,
				0319928B252CCD46005101BB /* Products */,
				5E5A769736E39BC3D0840BA0 /* Pods */,
				ED67D067CB4205AB669978CE /* Frameworks */,
			);
			sourceTree = "<group>";
		};
		0319928B252CCD46005101BB /* Products */ = {
			isa = PBXGroup;
			children = (
				0319928A252CCD46005101BB /* RealmSwift with MVVM.app */,
			);
			name = Products;
			sourceTree = "<group>";
		};
		0319928C252CCD46005101BB /* RealmSwift with MVVM */ = {
			isa = PBXGroup;
			children = (
				03E5C578252D9F0B00DFAA63 /* Extension */,
				03E5C571252D762600DFAA63 /* Cell */,
				031992A4252CCD79005101BB /* ViewModels */,
				031992A3252CCD73005101BB /* Models */,
				031992A2252CCD65005101BB /* Delegates */,
				031992A1252CCD58005101BB /* Controllers */,
				03199293252CCD47005101BB /* Main.storyboard */,
				03199296252CCD4E005101BB /* Assets.xcassets */,
				03199298252CCD4E005101BB /* LaunchScreen.storyboard */,
				0319929B252CCD4E005101BB /* Info.plist */,
			);
			path = "RealmSwift with MVVM";
			sourceTree = "<group>";
		};
		031992A1252CCD58005101BB /* Controllers */ = {
			isa = PBXGroup;
			children = (
				03199291252CCD47005101BB /* EmployeeDetailViewController.swift */,
				031992A5252CCE27005101BB /* AddEmplyeeDetailsViewController.swift */,
			);
			path = Controllers;
			sourceTree = "<group>";
		};
		031992A2252CCD65005101BB /* Delegates */ = {
			isa = PBXGroup;
			children = (
				0319928D252CCD46005101BB /* AppDelegate.swift */,
				0319928F252CCD47005101BB /* SceneDelegate.swift */,
			);
			path = Delegates;
			sourceTree = "<group>";
		};
		031992A3252CCD73005101BB /* Models */ = {
			isa = PBXGroup;
			children = (
				031992A7252CD670005101BB /* Employee.swift */,
			);
			path = Models;
			sourceTree = "<group>";
		};
		031992A4252CCD79005101BB /* ViewModels */ = {
			isa = PBXGroup;
			children = (
				03E5C57B252DA5F000DFAA63 /* RealmViewModel.swift */,
			);
			path = ViewModels;
			sourceTree = "<group>";
		};
		03E5C571252D762600DFAA63 /* Cell */ = {
			isa = PBXGroup;
			children = (
				03E5C574252D768200DFAA63 /* EmployeeDetailsTableViewCell.swift */,
				03E5C575252D768200DFAA63 /* EmployeeDetailsTableViewCell.xib */,
			);
			path = Cell;
			sourceTree = "<group>";
		};
		03E5C578252D9F0B00DFAA63 /* Extension */ = {
			isa = PBXGroup;
			children = (
				03E5C579252D9F3A00DFAA63 /* UIView+Extension.swift */,
				03E5C57D252DAC3D00DFAA63 /* UIViewController+Extension.swift */,
			);
			path = Extension;
			sourceTree = "<group>";
		};
		5E5A769736E39BC3D0840BA0 /* Pods */ = {
			isa = PBXGroup;
			children = (
				8866EDFE9184C2B03926AE3C /* Pods-RealmSwift with MVVM.debug.xcconfig */,
				59C60E052A4EFD96662F0F72 /* Pods-RealmSwift with MVVM.release.xcconfig */,
			);
			path = Pods;
			sourceTree = "<group>";
		};
		ED67D067CB4205AB669978CE /* Frameworks */ = {
			isa = PBXGroup;
			children = (
				75403CAEA30124D1C618561A /* Pods_RealmSwift_with_MVVM.framework */,
			);
			name = Frameworks;
			sourceTree = "<group>";
		};
/* End PBXGroup section */

/* Begin PBXNativeTarget section */
		03199289252CCD46005101BB /* RealmSwift with MVVM */ = {
			isa = PBXNativeTarget;
			buildConfigurationList = 0319929E252CCD4E005101BB /* Build configuration list for PBXNativeTarget "RealmSwift with MVVM" */;
			buildPhases = (
				B4977068FA0F6B1946DA63D2 /* [CP] Check Pods Manifest.lock */,
				03199286252CCD46005101BB /* Sources */,
				03199287252CCD46005101BB /* Frameworks */,
				03199288252CCD46005101BB /* Resources */,
				CA0B7715755FD8BA61B76EB3 /* [CP] Embed Pods Frameworks */,
			);
			buildRules = (
			);
			dependencies = (
			);
			name = "RealmSwift with MVVM";
			productName = "RealmSwift with MVVM";
			productReference = 0319928A252CCD46005101BB /* RealmSwift with MVVM.app */;
			productType = "com.apple.product-type.application";
		};
/* End PBXNativeTarget section */

/* Begin PBXProject section */
		03199282252CCD46005101BB /* Project object */ = {
			isa = PBXProject;
			attributes = {
				LastSwiftUpdateCheck = 1160;
				LastUpgradeCheck = 1160;
				ORGANIZATIONNAME = "sarath kumar";
				TargetAttributes = {
					03199289252CCD46005101BB = {
						CreatedOnToolsVersion = 11.6;
					};
				};
			};
			buildConfigurationList = 03199285252CCD46005101BB /* Build configuration list for PBXProject "RealmSwift with MVVM" */;
			compatibilityVersion = "Xcode 9.3";
			developmentRegion = en;
			hasScannedForEncodings = 0;
			knownRegions = (
				en,
				Base,
			);
			mainGroup = 03199281252CCD46005101BB;
			productRefGroup = 0319928B252CCD46005101BB /* Products */;
			projectDirPath = "";
			projectRoot = "";
			targets = (
				03199289252CCD46005101BB /* RealmSwift with MVVM */,
			);
		};
/* End PBXProject section */

/* Begin PBXResourcesBuildPhase section */
		03199288252CCD46005101BB /* Resources */ = {
			isa = PBXResourcesBuildPhase;
			buildActionMask = 2147483647;
			files = (
				03E5C577252D768200DFAA63 /* EmployeeDetailsTableViewCell.xib in Resources */,
				0319929A252CCD4E005101BB /* LaunchScreen.storyboard in Resources */,
				03199297252CCD4E005101BB /* Assets.xcassets in Resources */,
				03199295252CCD47005101BB /* Main.storyboard in Resources */,
			);
			runOnlyForDeploymentPostprocessing = 0;
		};
/* End PBXResourcesBuildPhase section */

/* Begin PBXShellScriptBuildPhase section */
		B4977068FA0F6B1946DA63D2 /* [CP] Check Pods Manifest.lock */ = {
			isa = PBXShellScriptBuildPhase;
			buildActionMask = 2147483647;
			files = (
			);
			inputFileListPaths = (
			);
			inputPaths = (
				"${PODS_PODFILE_DIR_PATH}/Podfile.lock",
				"${PODS_ROOT}/Manifest.lock",
			);
			name = "[CP] Check Pods Manifest.lock";
			outputFileListPaths = (
			);
			outputPaths = (
				"$(DERIVED_FILE_DIR)/Pods-RealmSwift with MVVM-checkManifestLockResult.txt",
			);
			runOnlyForDeploymentPostprocessing = 0;
			shellPath = /bin/sh;
			shellScript = "diff \"${PODS_PODFILE_DIR_PATH}/Podfile.lock\" \"${PODS_ROOT}/Manifest.lock\" > /dev/null\nif [ $? != 0 ] ; then\n    # print error to STDERR\n    echo \"error: The sandbox is not in sync with the Podfile.lock. Run 'pod install' or update your CocoaPods installation.\" >&2\n    exit 1\nfi\n# This output is used by Xcode 'outputs' to avoid re-running this script phase.\necho \"SUCCESS\" > \"${SCRIPT_OUTPUT_FILE_0}\"\n";
			showEnvVarsInLog = 0;
		};
		CA0B7715755FD8BA61B76EB3 /* [CP] Embed Pods Frameworks */ = {
			isa = PBXShellScriptBuildPhase;
			buildActionMask = 2147483647;
			files = (
			);
			inputFileListPaths = (
				"${PODS_ROOT}/Target Support Files/Pods-RealmSwift with MVVM/Pods-RealmSwift with MVVM-frameworks-${CONFIGURATION}-input-files.xcfilelist",
			);
			name = "[CP] Embed Pods Frameworks";
			outputFileListPaths = (
				"${PODS_ROOT}/Target Support Files/Pods-RealmSwift with MVVM/Pods-RealmSwift with MVVM-frameworks-${CONFIGURATION}-output-files.xcfilelist",
			);
			runOnlyForDeploymentPostprocessing = 0;
			shellPath = /bin/sh;
			shellScript = "\"${PODS_ROOT}/Target Support Files/Pods-RealmSwift with MVVM/Pods-RealmSwift with MVVM-frameworks.sh\"\n";
			showEnvVarsInLog = 0;
		};
/* End PBXShellScriptBuildPhase section */

/* Begin PBXSourcesBuildPhase section */
		03199286252CCD46005101BB /* Sources */ = {
			isa = PBXSourcesBuildPhase;
			buildActionMask = 2147483647;
			files = (
				03E5C57E252DAC3D00DFAA63 /* UIViewController+Extension.swift in Sources */,
				03E5C576252D768200DFAA63 /* EmployeeDetailsTableViewCell.swift in Sources */,
				03E5C57A252D9F3A00DFAA63 /* UIView+Extension.swift in Sources */,
				03199292252CCD47005101BB /* EmployeeDetailViewController.swift in Sources */,
				0319928E252CCD46005101BB /* AppDelegate.swift in Sources */,
				03199290252CCD47005101BB /* SceneDelegate.swift in Sources */,
				031992A8252CD670005101BB /* Employee.swift in Sources */,
				03E5C57C252DA5F000DFAA63 /* RealmViewModel.swift in Sources */,
				031992A6252CCE27005101BB /* AddEmplyeeDetailsViewController.swift in Sources */,
			);
			runOnlyForDeploymentPostprocessing = 0;
		};
/* End PBXSourcesBuildPhase section */

/* Begin PBXVariantGroup section */
		03199293252CCD47005101BB /* Main.storyboard */ = {
			isa = PBXVariantGroup;
			children = (
				03199294252CCD47005101BB /* Base */,
			);
			name = Main.storyboard;
			sourceTree = "<group>";
		};
		03199298252CCD4E005101BB /* LaunchScreen.storyboard */ = {
			isa = PBXVariantGroup;
			children = (
				03199299252CCD4E005101BB /* Base */,
			);
			name = LaunchScreen.storyboard;
			sourceTree = "<group>";
		};
/* End PBXVariantGroup section */

/* Begin XCBuildConfiguration section */
		0319929C252CCD4E005101BB /* Debug */ = {
			isa = XCBuildConfiguration;
			buildSettings = {
				ALWAYS_SEARCH_USER_PATHS = NO;
				CLANG_ANALYZER_NONNULL = YES;
				CLANG_ANALYZER_NUMBER_OBJECT_CONVERSION = YES_AGGRESSIVE;
				CLANG_CXX_LANGUAGE_STANDARD = "gnu++14";
				CLANG_CXX_LIBRARY = "libc++";
				CLANG_ENABLE_MODULES = YES;
				CLANG_ENABLE_OBJC_ARC = YES;
				CLANG_ENABLE_OBJC_WEAK = YES;
				CLANG_WARN_BLOCK_CAPTURE_AUTORELEASING = YES;
				CLANG_WARN_BOOL_CONVERSION = YES;
				CLANG_WARN_COMMA = YES;
				CLANG_WARN_CONSTANT_CONVERSION = YES;
				CLANG_WARN_DEPRECATED_OBJC_IMPLEMENTATIONS = YES;
				CLANG_WARN_DIRECT_OBJC_ISA_USAGE = YES_ERROR;
				CLANG_WARN_DOCUMENTATION_COMMENTS = YES;
				CLANG_WARN_EMPTY_BODY = YES;
				CLANG_WARN_ENUM_CONVERSION = YES;
				CLANG_WARN_INFINITE_RECURSION = YES;
				CLANG_WARN_INT_CONVERSION = YES;
				CLANG_WARN_NON_LITERAL_NULL_CONVERSION = YES;
				CLANG_WARN_OBJC_IMPLICIT_RETAIN_SELF = YES;
				CLANG_WARN_OBJC_LITERAL_CONVERSION = YES;
				CLANG_WARN_OBJC_ROOT_CLASS = YES_ERROR;
				CLANG_WARN_RANGE_LOOP_ANALYSIS = YES;
				CLANG_WARN_STRICT_PROTOTYPES = YES;
				CLANG_WARN_SUSPICIOUS_MOVE = YES;
				CLANG_WARN_UNGUARDED_AVAILABILITY = YES_AGGRESSIVE;
				CLANG_WARN_UNREACHABLE_CODE = YES;
				CLANG_WARN__DUPLICATE_METHOD_MATCH = YES;
				COPY_PHASE_STRIP = NO;
				DEBUG_INFORMATION_FORMAT = dwarf;
				ENABLE_STRICT_OBJC_MSGSEND = YES;
				ENABLE_TESTABILITY = YES;
				GCC_C_LANGUAGE_STANDARD = gnu11;
				GCC_DYNAMIC_NO_PIC = NO;
				GCC_NO_COMMON_BLOCKS = YES;
				GCC_OPTIMIZATION_LEVEL = 0;
				GCC_PREPROCESSOR_DEFINITIONS = (
					"DEBUG=1",
					"$(inherited)",
				);
				GCC_WARN_64_TO_32_BIT_CONVERSION = YES;
				GCC_WARN_ABOUT_RETURN_TYPE = YES_ERROR;
				GCC_WARN_UNDECLARED_SELECTOR = YES;
				GCC_WARN_UNINITIALIZED_AUTOS = YES_AGGRESSIVE;
				GCC_WARN_UNUSED_FUNCTION = YES;
				GCC_WARN_UNUSED_VARIABLE = YES;
				IPHONEOS_DEPLOYMENT_TARGET = 13.6;
				MTL_ENABLE_DEBUG_INFO = INCLUDE_SOURCE;
				MTL_FAST_MATH = YES;
				ONLY_ACTIVE_ARCH = YES;
				SDKROOT = iphoneos;
				SWIFT_ACTIVE_COMPILATION_CONDITIONS = DEBUG;
				SWIFT_OPTIMIZATION_LEVEL = "-Onone";
			};
			name = Debug;
		};
		0319929D252CCD4E005101BB /* Release */ = {
			isa = XCBuildConfiguration;
			buildSettings = {
				ALWAYS_SEARCH_USER_PATHS = NO;
				CLANG_ANALYZER_NONNULL = YES;
				CLANG_ANALYZER_NUMBER_OBJECT_CONVERSION = YES_AGGRESSIVE;
				CLANG_CXX_LANGUAGE_STANDARD = "gnu++14";
				CLANG_CXX_LIBRARY = "libc++";
				CLANG_ENABLE_MODULES = YES;
				CLANG_ENABLE_OBJC_ARC = YES;
				CLANG_ENABLE_OBJC_WEAK = YES;
				CLANG_WARN_BLOCK_CAPTURE_AUTORELEASING = YES;
				CLANG_WARN_BOOL_CONVERSION = YES;
				CLANG_WARN_COMMA = YES;
				CLANG_WARN_CONSTANT_CONVERSION = YES;
				CLANG_WARN_DEPRECATED_OBJC_IMPLEMENTATIONS = YES;
				CLANG_WARN_DIRECT_OBJC_ISA_USAGE = YES_ERROR;
				CLANG_WARN_DOCUMENTATION_COMMENTS = YES;
				CLANG_WARN_EMPTY_BODY = YES;
				CLANG_WARN_ENUM_CONVERSION = YES;
				CLANG_WARN_INFINITE_RECURSION = YES;
				CLANG_WARN_INT_CONVERSION = YES;
				CLANG_WARN_NON_LITERAL_NULL_CONVERSION = YES;
				CLANG_WARN_OBJC_IMPLICIT_RETAIN_SELF = YES;
				CLANG_WARN_OBJC_LITERAL_CONVERSION = YES;
				CLANG_WARN_OBJC_ROOT_CLASS = YES_ERROR;
				CLANG_WARN_RANGE_LOOP_ANALYSIS = YES;
				CLANG_WARN_STRICT_PROTOTYPES = YES;
				CLANG_WARN_SUSPICIOUS_MOVE = YES;
				CLANG_WARN_UNGUARDED_AVAILABILITY = YES_AGGRESSIVE;
				CLANG_WARN_UNREACHABLE_CODE = YES;
				CLANG_WARN__DUPLICATE_METHOD_MATCH = YES;
				COPY_PHASE_STRIP = NO;
				DEBUG_INFORMATION_FORMAT = "dwarf-with-dsym";
				ENABLE_NS_ASSERTIONS = NO;
				ENABLE_STRICT_OBJC_MSGSEND = YES;
				GCC_C_LANGUAGE_STANDARD = gnu11;
				GCC_NO_COMMON_BLOCKS = YES;
				GCC_WARN_64_TO_32_BIT_CONVERSION = YES;
				GCC_WARN_ABOUT_RETURN_TYPE = YES_ERROR;
				GCC_WARN_UNDECLARED_SELECTOR = YES;
				GCC_WARN_UNINITIALIZED_AUTOS = YES_AGGRESSIVE;
				GCC_WARN_UNUSED_FUNCTION = YES;
				GCC_WARN_UNUSED_VARIABLE = YES;
				IPHONEOS_DEPLOYMENT_TARGET = 13.6;
				MTL_ENABLE_DEBUG_INFO = NO;
				MTL_FAST_MATH = YES;
				SDKROOT = iphoneos;
				SWIFT_COMPILATION_MODE = wholemodule;
				SWIFT_OPTIMIZATION_LEVEL = "-O";
				VALIDATE_PRODUCT = YES;
			};
			name = Release;
		};
		0319929F252CCD4E005101BB /* Debug */ = {
			isa = XCBuildConfiguration;
			baseConfigurationReference = 8866EDFE9184C2B03926AE3C /* Pods-RealmSwift with MVVM.debug.xcconfig */;
			buildSettings = {
				ASSETCATALOG_COMPILER_APPICON_NAME = AppIcon;
				CODE_SIGN_STYLE = Automatic;
				INFOPLIST_FILE = "RealmSwift with MVVM/Info.plist";
				LD_RUNPATH_SEARCH_PATHS = (
					"$(inherited)",
					"@executable_path/Frameworks",
				);
				PRODUCT_BUNDLE_IDENTIFIER = "com.steveit.RealmSwift-with-MVVM";
				PRODUCT_NAME = "$(TARGET_NAME)";
				SWIFT_VERSION = 5.0;
				TARGETED_DEVICE_FAMILY = "1,2";
			};
			name = Debug;
		};
		031992A0252CCD4E005101BB /* Release */ = {
			isa = XCBuildConfiguration;
			baseConfigurationReference = 59C60E052A4EFD96662F0F72 /* Pods-RealmSwift with MVVM.release.xcconfig */;
			buildSettings = {
				ASSETCATALOG_COMPILER_APPICON_NAME = AppIcon;
				CODE_SIGN_STYLE = Automatic;
				INFOPLIST_FILE = "RealmSwift with MVVM/Info.plist";
				LD_RUNPATH_SEARCH_PATHS = (
					"$(inherited)",
					"@executable_path/Frameworks",
				);
				PRODUCT_BUNDLE_IDENTIFIER = "com.steveit.RealmSwift-with-MVVM";
				PRODUCT_NAME = "$(TARGET_NAME)";
				SWIFT_VERSION = 5.0;
				TARGETED_DEVICE_FAMILY = "1,2";
			};
			name = Release;
		};
/* End XCBuildConfiguration section */

/* Begin XCConfigurationList section */
		03199285252CCD46005101BB /* Build configuration list for PBXProject "RealmSwift with MVVM" */ = {
			isa = XCConfigurationList;
			buildConfigurations = (
				0319929C252CCD4E005101BB /* Debug */,
				0319929D252CCD4E005101BB /* Release */,
			);
			defaultConfigurationIsVisible = 0;
			defaultConfigurationName = Release;
		};
		0319929E252CCD4E005101BB /* Build configuration list for PBXNativeTarget "RealmSwift with MVVM" */ = {
			isa = XCConfigurationList;
			buildConfigurations = (
				0319929F252CCD4E005101BB /* Debug */,
				031992A0252CCD4E005101BB /* Release */,
			);
			defaultConfigurationIsVisible = 0;
			defaultConfigurationName = Release;
		};
/* End XCConfigurationList section */
	};
	rootObject = 03199282252CCD46005101BB /* Project object */;
}
